Microsoft Visual Studio Solution File, Format Version 12.00
# Visual Studio Version 17
VisualStudioVersion = 17.5.2.0
MinimumVisualStudioVersion = 10.0.40219.1
Project("{FAE04EC0-301F-11D3-BF4B-00C04F79EFBC}") = "BattleGameApi_v1", "BattleGameApi_v1.csproj", "{A71F2303-52A9-F026-F3A4-AB4A0E85AA1C}"
EndProject
Global
	GlobalSection(SolutionConfigurationPlatforms) = preSolution
		Debug|Any CPU = Debug|Any CPU
		Release|Any CPU = Release|Any CPU
	EndGlobalSection
	GlobalSection(ProjectConfigurationPlatforms) = postSolution
		{A71F2303-52A9-F026-F3A4-AB4A0E85AA1C}.Debug|Any CPU.ActiveCfg = Debug|Any CPU
		{A71F2303-52A9-F026-F3A4-AB4A0E85AA1C}.Debug|Any CPU.Build.0 = Debug|Any CPU
		{A71F2303-52A9-F026-F3A4-AB4A0E85AA1C}.Release|Any CPU.ActiveCfg = Release|Any CPU
		{A71F2303-52A9-F026-F3A4-AB4A0E85AA1C}.Release|Any CPU.Build.0 = Release|Any CPU
	EndGlobalSection
	GlobalSection(SolutionProperties) = preSolution
		HideSolutionNode = FALSE
	EndGlobalSection
	GlobalSection(ExtensibilityGlobals) = postSolution
		SolutionGuid = {84B9A22B-E72D-4831-9CE1-D13D0DBB9C46}
	EndGlobalSection
EndGlobal
